
Microsoft Visual Studio Solution File, Format Version 12.00
# Visual Studio Version 17
VisualStudioVersion = 17.9.34616.47
MinimumVisualStudioVersion = 10.0.40219.1
Project("{FAE04EC0-301F-11D3-BF4B-00C04F79EFBC}") = "BloggyWebAPI", "BloggyWebAPI.csproj", "{38C800B2-BBA5-4CFD-B24C-ED76AB4C5F0A}"
EndProject
Global
	GlobalSection(SolutionConfigurationPlatforms) = preSolution
		Debug|Any CPU = Debug|Any CPU
		Release|Any CPU = Release|Any CPU
	EndGlobalSection
	GlobalSection(ProjectConfigurationPlatforms) = postSolution
		{38C800B2-BBA5-4CFD-B24C-ED76AB4C5F0A}.Debug|Any CPU.ActiveCfg = Debug|Any CPU
		{38C800B2-BBA5-4CFD-B24C-ED76AB4C5F0A}.Debug|Any CPU.Build.0 = Debug|Any CPU
		{38C800B2-BBA5-4CFD-B24C-ED76AB4C5F0A}.Release|Any CPU.ActiveCfg = Release|Any CPU
		{38C800B2-BBA5-4CFD-B24C-ED76AB4C5F0A}.Release|Any CPU.Build.0 = Release|Any CPU
	EndGlobalSection
	GlobalSection(SolutionProperties) = preSolution
		HideSolutionNode = FALSE
	EndGlobalSection
	GlobalSection(ExtensibilityGlobals) = postSolution
		SolutionGuid = {EAF5F128-967A-4B43-A23B-549A38E109D3}
	EndGlobalSection
EndGlobal
